
Microsoft Visual Studio Solution File, Format Version 12.00
# Visual Studio Version 17
VisualStudioVersion = 17.5.002.0
MinimumVisualStudioVersion = 10.0.40219.1
Project("{9A19103F-16F7-4668-BE54-9A1E7A4F7556}") = "lesson1", "lesson1\lesson1.csproj", "{3DBBF64B-BF46-44C2-9B18-C1B64403C83A}"
EndProject
Project("{9A19103F-16F7-4668-BE54-9A1E7A4F7556}") = "lesson2", "lesson2\lesson2.csproj", "{9DB57877-1113-4300-A020-E9B6A414401B}"
EndProject
Global
	GlobalSection(SolutionConfigurationPlatforms) = preSolution
		Debug|Any CPU = Debug|Any CPU
		Release|Any CPU = Release|Any CPU
	EndGlobalSection
	GlobalSection(ProjectConfigurationPlatforms) = postSolution
		{3DBBF64B-BF46-44C2-9B18-C1B64403C83A}.Debug|Any CPU.ActiveCfg = Debug|Any CPU
		{3DBBF64B-BF46-44C2-9B18-C1B64403C83A}.Debug|Any CPU.Build.0 = Debug|Any CPU
		{3DBBF64B-BF46-44C2-9B18-C1B64403C83A}.Release|Any CPU.ActiveCfg = Release|Any CPU
		{3DBBF64B-BF46-44C2-9B18-C1B64403C83A}.Release|Any CPU.Build.0 = Release|Any CPU
		{9DB57877-1113-4300-A020-E9B6A414401B}.Debug|Any CPU.ActiveCfg = Debug|Any CPU
		{9DB57877-1113-4300-A020-E9B6A414401B}.Debug|Any CPU.Build.0 = Debug|Any CPU
		{9DB57877-1113-4300-A020-E9B6A414401B}.Release|Any CPU.ActiveCfg = Release|Any CPU
		{9DB57877-1113-4300-A020-E9B6A414401B}.Release|Any CPU.Build.0 = Release|Any CPU
	EndGlobalSection
	GlobalSection(SolutionProperties) = preSolution
		HideSolutionNode = FALSE
	EndGlobalSection
	GlobalSection(ExtensibilityGlobals) = postSolution
		SolutionGuid = {6BC1C41C-E587-4F14-955E-7B009A4A25F3}
	EndGlobalSection
EndGlobal
